
Microsoft Visual Studio Solution File, Format Version 9.00
# Visual Studio 2005
Project("{8BC9CEB8-8B4A-11D0-8D11-00A0C91BC942}") = "Sajiki", "Sajiki\Sajiki.vcproj", "{B8107290-B98D-4D20-AFE0-36EBEB312368}"
EndProject
Global
	GlobalSection(SolutionConfigurationPlatforms) = preSolution
		Debug|Win32 = Debug|Win32
		Release|Win32 = Release|Win32
	EndGlobalSection
	GlobalSection(ProjectConfigurationPlatforms) = postSolution
		{B8107290-B98D-4D20-AFE0-36EBEB312368}.Debug|Win32.ActiveCfg = Debug|Win32
		{B8107290-B98D-4D20-AFE0-36EBEB312368}.Debug|Win32.Build.0 = Debug|Win32
		{B8107290-B98D-4D20-AFE0-36EBEB312368}.Release|Win32.ActiveCfg = Release|Win32
		{B8107290-B98D-4D20-AFE0-36EBEB312368}.Release|Win32.Build.0 = Release|Win32
	EndGlobalSection
	GlobalSection(SolutionProperties) = preSolution
		HideSolutionNode = FALSE
	EndGlobalSection
EndGlobal
